// !$*UTF8*$!
{
	archiveVersion = 1;
	classes = {
	};
	objectVersion = 56;
	objects = {

/* Begin PBXBuildFile section */
		620CDE1E2B614C420005F03E /* RecButtonView.swift in Sources */ = {isa = PBXBuildFile; fileRef = 620CDE1D2B614C420005F03E /* RecButtonView.swift */; };
		620CDE202B614C4B0005F03E /* RecordingLabelView.swift in Sources */ = {isa = PBXBuildFile; fileRef = 620CDE1F2B614C4B0005F03E /* RecordingLabelView.swift */; };
		620CDE222B614D3E0005F03E /* RecordingSlider.swift in Sources */ = {isa = PBXBuildFile; fileRef = 620CDE212B614D3E0005F03E /* RecordingSlider.swift */; };
		620CDE242B6157CD0005F03E /* TimeIntervalExtension.swift in Sources */ = {isa = PBXBuildFile; fileRef = 620CDE232B6157CD0005F03E /* TimeIntervalExtension.swift */; };
		6272356C2B63BEF50055E0CB /* AudioPlayerManager.swift in Sources */ = {isa = PBXBuildFile; fileRef = 6272356B2B63BEF50055E0CB /* AudioPlayerManager.swift */; };
		627235702B63C5A50055E0CB /* AudioRecorderHelper.swift in Sources */ = {isa = PBXBuildFile; fileRef = 6272356F2B63C5A50055E0CB /* AudioRecorderHelper.swift */; };
		627D7CC12B776B060043D550 /* MyLogger.swift in Sources */ = {isa = PBXBuildFile; fileRef = 627D7CC02B776B060043D550 /* MyLogger.swift */; };
		627D7CC42B77AD670043D550 /* MyLoggerView.swift in Sources */ = {isa = PBXBuildFile; fileRef = 627D7CC32B77AD670043D550 /* MyLoggerView.swift */; };
		627D7CC72B7E7FAA0043D550 /* URLExtension.swift in Sources */ = {isa = PBXBuildFile; fileRef = 627D7CC62B7E7FAA0043D550 /* URLExtension.swift */; };
		62801D022B80AC6000BCA9E4 /* NetworkMonitorView.swift in Sources */ = {isa = PBXBuildFile; fileRef = 62801D012B80AC6000BCA9E4 /* NetworkMonitorView.swift */; };
		62801D052B80AD6500BCA9E4 /* NetworkMonitor.swift in Sources */ = {isa = PBXBuildFile; fileRef = 62801D042B80AD6500BCA9E4 /* NetworkMonitor.swift */; };
		62914AF42BBDECE300258D70 /* SettingsView.swift in Sources */ = {isa = PBXBuildFile; fileRef = 62914AF32BBDECE300258D70 /* SettingsView.swift */; };
		62914AF62BBDFC6700258D70 /* DataExtension.swift in Sources */ = {isa = PBXBuildFile; fileRef = 62914AF52BBDFC6700258D70 /* DataExtension.swift */; };
		62E4824A2BBD9FAC005162D7 /* TranscriptionManager.swift in Sources */ = {isa = PBXBuildFile; fileRef = 62E482492BBD9FAC005162D7 /* TranscriptionManager.swift */; };
		62E4F6462B5BDAB3001F1FC9 /* SimpleAudioRecorderApp.swift in Sources */ = {isa = PBXBuildFile; fileRef = 62E4F6452B5BDAB3001F1FC9 /* SimpleAudioRecorderApp.swift */; };
		62E4F6482B5BDAB3001F1FC9 /* RecordingsView.swift in Sources */ = {isa = PBXBuildFile; fileRef = 62E4F6472B5BDAB3001F1FC9 /* RecordingsView.swift */; };
		62E4F64C2B5BDAB4001F1FC9 /* Assets.xcassets in Resources */ = {isa = PBXBuildFile; fileRef = 62E4F64B2B5BDAB4001F1FC9 /* Assets.xcassets */; };
		62E4F64F2B5BDAB4001F1FC9 /* Preview Assets.xcassets in Resources */ = {isa = PBXBuildFile; fileRef = 62E4F64E2B5BDAB4001F1FC9 /* Preview Assets.xcassets */; };
		62E4F6582B602A55001F1FC9 /* AudioRecorderManager.swift in Sources */ = {isa = PBXBuildFile; fileRef = 62E4F6572B602A55001F1FC9 /* AudioRecorderManager.swift */; };
		62E4F65A2B602C5B001F1FC9 /* Recording.swift in Sources */ = {isa = PBXBuildFile; fileRef = 62E4F6592B602C5B001F1FC9 /* Recording.swift */; };
		62E4F65C2B603D71001F1FC9 /* DateExtension.swift in Sources */ = {isa = PBXBuildFile; fileRef = 62E4F65B2B603D71001F1FC9 /* DateExtension.swift */; };
/* End PBXBuildFile section */

/* Begin PBXFileReference section */
		620CDE1D2B614C420005F03E /* RecButtonView.swift */ = {isa = PBXFileReference; lastKnownFileType = sourcecode.swift; path = RecButtonView.swift; sourceTree = "<group>"; };
		620CDE1F2B614C4B0005F03E /* RecordingLabelView.swift */ = {isa = PBXFileReference; lastKnownFileType = sourcecode.swift; path = RecordingLabelView.swift; sourceTree = "<group>"; };
		620CDE212B614D3E0005F03E /* RecordingSlider.swift */ = {isa = PBXFileReference; lastKnownFileType = sourcecode.swift; path = RecordingSlider.swift; sourceTree = "<group>"; };
		620CDE232B6157CD0005F03E /* TimeIntervalExtension.swift */ = {isa = PBXFileReference; lastKnownFileType = sourcecode.swift; path = TimeIntervalExtension.swift; sourceTree = "<group>"; };
		6272356B2B63BEF50055E0CB /* AudioPlayerManager.swift */ = {isa = PBXFileReference; lastKnownFileType = sourcecode.swift; path = AudioPlayerManager.swift; sourceTree = "<group>"; };
		6272356F2B63C5A50055E0CB /* AudioRecorderHelper.swift */ = {isa = PBXFileReference; lastKnownFileType = sourcecode.swift; path = AudioRecorderHelper.swift; sourceTree = "<group>"; };
		627D7CC02B776B060043D550 /* MyLogger.swift */ = {isa = PBXFileReference; lastKnownFileType = sourcecode.swift; path = MyLogger.swift; sourceTree = "<group>"; };
		627D7CC32B77AD670043D550 /* MyLoggerView.swift */ = {isa = PBXFileReference; lastKnownFileType = sourcecode.swift; path = MyLoggerView.swift; sourceTree = "<group>"; };
		627D7CC62B7E7FAA0043D550 /* URLExtension.swift */ = {isa = PBXFileReference; lastKnownFileType = sourcecode.swift; path = URLExtension.swift; sourceTree = "<group>"; };
		62801D012B80AC6000BCA9E4 /* NetworkMonitorView.swift */ = {isa = PBXFileReference; lastKnownFileType = sourcecode.swift; path = NetworkMonitorView.swift; sourceTree = "<group>"; };
		62801D042B80AD6500BCA9E4 /* NetworkMonitor.swift */ = {isa = PBXFileReference; fileEncoding = 4; lastKnownFileType = sourcecode.swift; path = NetworkMonitor.swift; sourceTree = "<group>"; };
		62914AF32BBDECE300258D70 /* SettingsView.swift */ = {isa = PBXFileReference; lastKnownFileType = sourcecode.swift; path = SettingsView.swift; sourceTree = "<group>"; };
		62914AF52BBDFC6700258D70 /* DataExtension.swift */ = {isa = PBXFileReference; lastKnownFileType = sourcecode.swift; path = DataExtension.swift; sourceTree = "<group>"; };
		62E482492BBD9FAC005162D7 /* TranscriptionManager.swift */ = {isa = PBXFileReference; lastKnownFileType = sourcecode.swift; path = TranscriptionManager.swift; sourceTree = "<group>"; };
		62E4F6422B5BDAB3001F1FC9 /* SimpleAudioRecorder.app */ = {isa = PBXFileReference; explicitFileType = wrapper.application; includeInIndex = 0; path = SimpleAudioRecorder.app; sourceTree = BUILT_PRODUCTS_DIR; };
		62E4F6452B5BDAB3001F1FC9 /* SimpleAudioRecorderApp.swift */ = {isa = PBXFileReference; lastKnownFileType = sourcecode.swift; path = SimpleAudioRecorderApp.swift; sourceTree = "<group>"; };
		62E4F6472B5BDAB3001F1FC9 /* RecordingsView.swift */ = {isa = PBXFileReference; lastKnownFileType = sourcecode.swift; path = RecordingsView.swift; sourceTree = "<group>"; };
		62E4F64B2B5BDAB4001F1FC9 /* Assets.xcassets */ = {isa = PBXFileReference; lastKnownFileType = folder.assetcatalog; path = Assets.xcassets; sourceTree = "<group>"; };
		62E4F64E2B5BDAB4001F1FC9 /* Preview Assets.xcassets */ = {isa = PBXFileReference; lastKnownFileType = folder.assetcatalog; path = "Preview Assets.xcassets"; sourceTree = "<group>"; };
		62E4F6502B5BDAB4001F1FC9 /* SimpleAudioRecorder.entitlements */ = {isa = PBXFileReference; lastKnownFileType = text.plist.entitlements; path = SimpleAudioRecorder.entitlements; sourceTree = "<group>"; };
		62E4F6512B5BDAB4001F1FC9 /* Info.plist */ = {isa = PBXFileReference; lastKnownFileType = text.plist.xml; path = Info.plist; sourceTree = "<group>"; };
		62E4F6572B602A55001F1FC9 /* AudioRecorderManager.swift */ = {isa = PBXFileReference; lastKnownFileType = sourcecode.swift; path = AudioRecorderManager.swift; sourceTree = "<group>"; };
		62E4F6592B602C5B001F1FC9 /* Recording.swift */ = {isa = PBXFileReference; lastKnownFileType = sourcecode.swift; path = Recording.swift; sourceTree = "<group>"; };
		62E4F65B2B603D71001F1FC9 /* DateExtension.swift */ = {isa = PBXFileReference; lastKnownFileType = sourcecode.swift; path = DateExtension.swift; sourceTree = "<group>"; };
/* End PBXFileReference section */

/* Begin PBXFrameworksBuildPhase section */
		62E4F63F2B5BDAB3001F1FC9 /* Frameworks */ = {
			isa = PBXFrameworksBuildPhase;
			buildActionMask = 2147483647;
			files = (
			);
			runOnlyForDeploymentPostprocessing = 0;
		};
/* End PBXFrameworksBuildPhase section */

/* Begin PBXGroup section */
		620CDE1B2B614BF60005F03E /* Models */ = {
			isa = PBXGroup;
			children = (
				62E4F6592B602C5B001F1FC9 /* Recording.swift */,
			);
			path = Models;
			sourceTree = "<group>";
		};
		620CDE1C2B614C190005F03E /* Views */ = {
			isa = PBXGroup;
			children = (
				62E4F6472B5BDAB3001F1FC9 /* RecordingsView.swift */,
				620CDE1F2B614C4B0005F03E /* RecordingLabelView.swift */,
				620CDE1D2B614C420005F03E /* RecButtonView.swift */,
				620CDE212B614D3E0005F03E /* RecordingSlider.swift */,
				62914AF32BBDECE300258D70 /* SettingsView.swift */,
			);
			path = Views;
			sourceTree = "<group>";
		};
		620CDE252B6157D70005F03E /* Extensions */ = {
			isa = PBXGroup;
			children = (
				62E4F65B2B603D71001F1FC9 /* DateExtension.swift */,
				62914AF52BBDFC6700258D70 /* DataExtension.swift */,
				620CDE232B6157CD0005F03E /* TimeIntervalExtension.swift */,
				627D7CC62B7E7FAA0043D550 /* URLExtension.swift */,
			);
			path = Extensions;
			sourceTree = "<group>";
		};
		627235712B63D14B0055E0CB /* Managers */ = {
			isa = PBXGroup;
			children = (
				627235722B63D1570055E0CB /* AudioRecorderManager */,
				6272356B2B63BEF50055E0CB /* AudioPlayerManager.swift */,
				62E482492BBD9FAC005162D7 /* TranscriptionManager.swift */,
			);
			path = Managers;
			sourceTree = "<group>";
		};
		627235722B63D1570055E0CB /* AudioRecorderManager */ = {
			isa = PBXGroup;
			children = (
				62E4F6572B602A55001F1FC9 /* AudioRecorderManager.swift */,
				6272356F2B63C5A50055E0CB /* AudioRecorderHelper.swift */,
			);
			path = AudioRecorderManager;
			sourceTree = "<group>";
		};
		627D7CC22B776B0D0043D550 /* Utils */ = {
			isa = PBXGroup;
			children = (
				62801D032B80AD2100BCA9E4 /* NetworkMonitor */,
				627D7CC52B77AD840043D550 /* MyLogger */,
			);
			path = Utils;
			sourceTree = "<group>";
		};
		627D7CC52B77AD840043D550 /* MyLogger */ = {
			isa = PBXGroup;
			children = (
				627D7CC02B776B060043D550 /* MyLogger.swift */,
				627D7CC32B77AD670043D550 /* MyLoggerView.swift */,
			);
			path = MyLogger;
			sourceTree = "<group>";
		};
		62801D032B80AD2100BCA9E4 /* NetworkMonitor */ = {
			isa = PBXGroup;
			children = (
				62801D042B80AD6500BCA9E4 /* NetworkMonitor.swift */,
				62801D012B80AC6000BCA9E4 /* NetworkMonitorView.swift */,
			);
			path = NetworkMonitor;
			sourceTree = "<group>";
		};
		62E4F6392B5BDAB3001F1FC9 = {
			isa = PBXGroup;
			children = (
				627D7CC22B776B0D0043D550 /* Utils */,
				620CDE252B6157D70005F03E /* Extensions */,
				62E4F6442B5BDAB3001F1FC9 /* SimpleAudioRecorder */,
				62E4F6432B5BDAB3001F1FC9 /* Products */,
			);
			sourceTree = "<group>";
		};
		62E4F6432B5BDAB3001F1FC9 /* Products */ = {
			isa = PBXGroup;
			children = (
				62E4F6422B5BDAB3001F1FC9 /* SimpleAudioRecorder.app */,
			);
			name = Products;
			sourceTree = "<group>";
		};
		62E4F6442B5BDAB3001F1FC9 /* SimpleAudioRecorder */ = {
			isa = PBXGroup;
			children = (
				62E4F6452B5BDAB3001F1FC9 /* SimpleAudioRecorderApp.swift */,
				620CDE1C2B614C190005F03E /* Views */,
				627235712B63D14B0055E0CB /* Managers */,
				620CDE1B2B614BF60005F03E /* Models */,
				62E4F64B2B5BDAB4001F1FC9 /* Assets.xcassets */,
				62E4F6502B5BDAB4001F1FC9 /* SimpleAudioRecorder.entitlements */,
				62E4F6512B5BDAB4001F1FC9 /* Info.plist */,
				62E4F64D2B5BDAB4001F1FC9 /* Preview Content */,
			);
			path = SimpleAudioRecorder;
			sourceTree = "<group>";
		};
		62E4F64D2B5BDAB4001F1FC9 /* Preview Content */ = {
			isa = PBXGroup;
			children = (
				62E4F64E2B5BDAB4001F1FC9 /* Preview Assets.xcassets */,
			);
			path = "Preview Content";
			sourceTree = "<group>";
		};
/* End PBXGroup section */

/* Begin PBXNativeTarget section */
		62E4F6412B5BDAB3001F1FC9 /* SimpleAudioRecorder */ = {
			isa = PBXNativeTarget;
			buildConfigurationList = 62E4F6542B5BDAB4001F1FC9 /* Build configuration list for PBXNativeTarget "SimpleAudioRecorder" */;
			buildPhases = (
				62E4F63E2B5BDAB3001F1FC9 /* Sources */,
				62E4F63F2B5BDAB3001F1FC9 /* Frameworks */,
				62E4F6402B5BDAB3001F1FC9 /* Resources */,
			);
			buildRules = (
			);
			dependencies = (
			);
			name = SimpleAudioRecorder;
			packageProductDependencies = (
			);
			productName = SimpleAudioRecorder;
			productReference = 62E4F6422B5BDAB3001F1FC9 /* SimpleAudioRecorder.app */;
			productType = "com.apple.product-type.application";
		};
/* End PBXNativeTarget section */

/* Begin PBXProject section */
		62E4F63A2B5BDAB3001F1FC9 /* Project object */ = {
			isa = PBXProject;
			attributes = {
				BuildIndependentTargetsInParallel = 1;
				LastSwiftUpdateCheck = 1520;
				LastUpgradeCheck = 1520;
				TargetAttributes = {
					62E4F6412B5BDAB3001F1FC9 = {
						CreatedOnToolsVersion = 15.2;
					};
				};
			};
			buildConfigurationList = 62E4F63D2B5BDAB3001F1FC9 /* Build configuration list for PBXProject "SimpleAudioRecorder" */;
			compatibilityVersion = "Xcode 14.0";
			developmentRegion = en;
			hasScannedForEncodings = 0;
			knownRegions = (
				en,
				Base,
			);
			mainGroup = 62E4F6392B5BDAB3001F1FC9;
			packageReferences = (
			);
			productRefGroup = 62E4F6432B5BDAB3001F1FC9 /* Products */;
			projectDirPath = "";
			projectRoot = "";
			targets = (
				62E4F6412B5BDAB3001F1FC9 /* SimpleAudioRecorder */,
			);
		};
/* End PBXProject section */

/* Begin PBXResourcesBuildPhase section */
		62E4F6402B5BDAB3001F1FC9 /* Resources */ = {
			isa = PBXResourcesBuildPhase;
			buildActionMask = 2147483647;
			files = (
				62E4F64F2B5BDAB4001F1FC9 /* Preview Assets.xcassets in Resources */,
				62E4F64C2B5BDAB4001F1FC9 /* Assets.xcassets in Resources */,
			);
			runOnlyForDeploymentPostprocessing = 0;
		};
/* End PBXResourcesBuildPhase section */

/* Begin PBXSourcesBuildPhase section */
		62E4F63E2B5BDAB3001F1FC9 /* Sources */ = {
			isa = PBXSourcesBuildPhase;
			buildActionMask = 2147483647;
			files = (
				620CDE222B614D3E0005F03E /* RecordingSlider.swift in Sources */,
				62E4F6582B602A55001F1FC9 /* AudioRecorderManager.swift in Sources */,
				62E4F65C2B603D71001F1FC9 /* DateExtension.swift in Sources */,
				62914AF42BBDECE300258D70 /* SettingsView.swift in Sources */,
				627235702B63C5A50055E0CB /* AudioRecorderHelper.swift in Sources */,
				62E4F6482B5BDAB3001F1FC9 /* RecordingsView.swift in Sources */,
				62801D022B80AC6000BCA9E4 /* NetworkMonitorView.swift in Sources */,
				620CDE242B6157CD0005F03E /* TimeIntervalExtension.swift in Sources */,
				62E4F6462B5BDAB3001F1FC9 /* SimpleAudioRecorderApp.swift in Sources */,
				62E4824A2BBD9FAC005162D7 /* TranscriptionManager.swift in Sources */,
				627D7CC12B776B060043D550 /* MyLogger.swift in Sources */,
				6272356C2B63BEF50055E0CB /* AudioPlayerManager.swift in Sources */,
				62E4F65A2B602C5B001F1FC9 /* Recording.swift in Sources */,
				620CDE202B614C4B0005F03E /* RecordingLabelView.swift in Sources */,
				62914AF62BBDFC6700258D70 /* DataExtension.swift in Sources */,
				627D7CC42B77AD670043D550 /* MyLoggerView.swift in Sources */,
				62801D052B80AD6500BCA9E4 /* NetworkMonitor.swift in Sources */,
				627D7CC72B7E7FAA0043D550 /* URLExtension.swift in Sources */,
				620CDE1E2B614C420005F03E /* RecButtonView.swift in Sources */,
			);
			runOnlyForDeploymentPostprocessing = 0;
		};
/* End PBXSourcesBuildPhase section */

/* Begin XCBuildConfiguration section */
		62E4F6522B5BDAB4001F1FC9 /* Debug */ = {
			isa = XCBuildConfiguration;
			buildSettings = {
				ALWAYS_SEARCH_USER_PATHS = NO;
				ASSETCATALOG_COMPILER_GENERATE_SWIFT_ASSET_SYMBOL_EXTENSIONS = YES;
				CLANG_ANALYZER_NONNULL = YES;
				CLANG_ANALYZER_NUMBER_OBJECT_CONVERSION = YES_AGGRESSIVE;
				CLANG_CXX_LANGUAGE_STANDARD = "gnu++20";
				CLANG_ENABLE_MODULES = YES;
				CLANG_ENABLE_OBJC_ARC = YES;
				CLANG_ENABLE_OBJC_WEAK = YES;
				CLANG_WARN_BLOCK_CAPTURE_AUTORELEASING = YES;
				CLANG_WARN_BOOL_CONVERSION = YES;
				CLANG_WARN_COMMA = YES;
				CLANG_WARN_CONSTANT_CONVERSION = YES;
				CLANG_WARN_DEPRECATED_OBJC_IMPLEMENTATIONS = YES;
				CLANG_WARN_DIRECT_OBJC_ISA_USAGE = YES_ERROR;
				CLANG_WARN_DOCUMENTATION_COMMENTS = YES;
				CLANG_WARN_EMPTY_BODY = YES;
				CLANG_WARN_ENUM_CONVERSION = YES;
				CLANG_WARN_INFINITE_RECURSION = YES;
				CLANG_WARN_INT_CONVERSION = YES;
				CLANG_WARN_NON_LITERAL_NULL_CONVERSION = YES;
				CLANG_WARN_OBJC_IMPLICIT_RETAIN_SELF = YES;
				CLANG_WARN_OBJC_LITERAL_CONVERSION = YES;
				CLANG_WARN_OBJC_ROOT_CLASS = YES_ERROR;
				CLANG_WARN_QUOTED_INCLUDE_IN_FRAMEWORK_HEADER = YES;
				CLANG_WARN_RANGE_LOOP_ANALYSIS = YES;
				CLANG_WARN_STRICT_PROTOTYPES = YES;
				CLANG_WARN_SUSPICIOUS_MOVE = YES;
				CLANG_WARN_UNGUARDED_AVAILABILITY = YES_AGGRESSIVE;
				CLANG_WARN_UNREACHABLE_CODE = YES;
				CLANG_WARN__DUPLICATE_METHOD_MATCH = YES;
				COPY_PHASE_STRIP = NO;
				DEBUG_INFORMATION_FORMAT = dwarf;
				ENABLE_STRICT_OBJC_MSGSEND = YES;
				ENABLE_TESTABILITY = YES;
				ENABLE_USER_SCRIPT_SANDBOXING = YES;
				GCC_C_LANGUAGE_STANDARD = gnu17;
				GCC_DYNAMIC_NO_PIC = NO;
				GCC_NO_COMMON_BLOCKS = YES;
				GCC_OPTIMIZATION_LEVEL = 0;
				GCC_PREPROCESSOR_DEFINITIONS = (
					"DEBUG=1",
					"$(inherited)",
				);
				GCC_WARN_64_TO_32_BIT_CONVERSION = YES;
				GCC_WARN_ABOUT_RETURN_TYPE = YES_ERROR;
				GCC_WARN_UNDECLARED_SELECTOR = YES;
				GCC_WARN_UNINITIALIZED_AUTOS = YES_AGGRESSIVE;
				GCC_WARN_UNUSED_FUNCTION = YES;
				GCC_WARN_UNUSED_VARIABLE = YES;
				IPHONEOS_DEPLOYMENT_TARGET = 17.2;
				LOCALIZATION_PREFERS_STRING_CATALOGS = YES;
				MTL_ENABLE_DEBUG_INFO = INCLUDE_SOURCE;
				MTL_FAST_MATH = YES;
				ONLY_ACTIVE_ARCH = YES;
				SDKROOT = iphoneos;
				SWIFT_ACTIVE_COMPILATION_CONDITIONS = "DEBUG $(inherited)";
				SWIFT_OPTIMIZATION_LEVEL = "-Onone";
			};
			name = Debug;
		};
		62E4F6532B5BDAB4001F1FC9 /* Release */ = {
			isa = XCBuildConfiguration;
			buildSettings = {
				ALWAYS_SEARCH_USER_PATHS = NO;
				ASSETCATALOG_COMPILER_GENERATE_SWIFT_ASSET_SYMBOL_EXTENSIONS = YES;
				CLANG_ANALYZER_NONNULL = YES;
				CLANG_ANALYZER_NUMBER_OBJECT_CONVERSION = YES_AGGRESSIVE;
				CLANG_CXX_LANGUAGE_STANDARD = "gnu++20";
				CLANG_ENABLE_MODULES = YES;
				CLANG_ENABLE_OBJC_ARC = YES;
				CLANG_ENABLE_OBJC_WEAK = YES;
				CLANG_WARN_BLOCK_CAPTURE_AUTORELEASING = YES;
				CLANG_WARN_BOOL_CONVERSION = YES;
				CLANG_WARN_COMMA = YES;
				CLANG_WARN_CONSTANT_CONVERSION = YES;
				CLANG_WARN_DEPRECATED_OBJC_IMPLEMENTATIONS = YES;
				CLANG_WARN_DIRECT_OBJC_ISA_USAGE = YES_ERROR;
				CLANG_WARN_DOCUMENTATION_COMMENTS = YES;
				CLANG_WARN_EMPTY_BODY = YES;
				CLANG_WARN_ENUM_CONVERSION = YES;
				CLANG_WARN_INFINITE_RECURSION = YES;
				CLANG_WARN_INT_CONVERSION = YES;
				CLANG_WARN_NON_LITERAL_NULL_CONVERSION = YES;
				CLANG_WARN_OBJC_IMPLICIT_RETAIN_SELF = YES;
				CLANG_WARN_OBJC_LITERAL_CONVERSION = YES;
				CLANG_WARN_OBJC_ROOT_CLASS = YES_ERROR;
				CLANG_WARN_QUOTED_INCLUDE_IN_FRAMEWORK_HEADER = YES;
				CLANG_WARN_RANGE_LOOP_ANALYSIS = YES;
				CLANG_WARN_STRICT_PROTOTYPES = YES;
				CLANG_WARN_SUSPICIOUS_MOVE = YES;
				CLANG_WARN_UNGUARDED_AVAILABILITY = YES_AGGRESSIVE;
				CLANG_WARN_UNREACHABLE_CODE = YES;
				CLANG_WARN__DUPLICATE_METHOD_MATCH = YES;
				COPY_PHASE_STRIP = NO;
				DEBUG_INFORMATION_FORMAT = "dwarf-with-dsym";
				ENABLE_NS_ASSERTIONS = NO;
				ENABLE_STRICT_OBJC_MSGSEND = YES;
				ENABLE_USER_SCRIPT_SANDBOXING = YES;
				GCC_C_LANGUAGE_STANDARD = gnu17;
				GCC_NO_COMMON_BLOCKS = YES;
				GCC_WARN_64_TO_32_BIT_CONVERSION = YES;
				GCC_WARN_ABOUT_RETURN_TYPE = YES_ERROR;
				GCC_WARN_UNDECLARED_SELECTOR = YES;
				GCC_WARN_UNINITIALIZED_AUTOS = YES_AGGRESSIVE;
				GCC_WARN_UNUSED_FUNCTION = YES;
				GCC_WARN_UNUSED_VARIABLE = YES;
				IPHONEOS_DEPLOYMENT_TARGET = 17.2;
				LOCALIZATION_PREFERS_STRING_CATALOGS = YES;
				MTL_ENABLE_DEBUG_INFO = NO;
				MTL_FAST_MATH = YES;
				SDKROOT = iphoneos;
				SWIFT_COMPILATION_MODE = wholemodule;
				VALIDATE_PRODUCT = YES;
			};
			name = Release;
		};
		62E4F6552B5BDAB4001F1FC9 /* Debug */ = {
			isa = XCBuildConfiguration;
			buildSettings = {
				ASSETCATALOG_COMPILER_APPICON_NAME = AppIcon;
				ASSETCATALOG_COMPILER_GLOBAL_ACCENT_COLOR_NAME = AccentColor;
				CODE_SIGN_ENTITLEMENTS = SimpleAudioRecorder/SimpleAudioRecorder.entitlements;
				CODE_SIGN_STYLE = Automatic;
				CURRENT_PROJECT_VERSION = 1;
				DEVELOPMENT_ASSET_PATHS = "\"SimpleAudioRecorder/Preview Content\"";
				DEVELOPMENT_TEAM = 2L7RFD7CXX;
				ENABLE_PREVIEWS = YES;
				GENERATE_INFOPLIST_FILE = YES;
				INFOPLIST_FILE = SimpleAudioRecorder/Info.plist;
				INFOPLIST_KEY_UIApplicationSceneManifest_Generation = YES;
				INFOPLIST_KEY_UIApplicationSupportsIndirectInputEvents = YES;
				INFOPLIST_KEY_UILaunchScreen_Generation = YES;
				INFOPLIST_KEY_UISupportedInterfaceOrientations_iPad = "UIInterfaceOrientationPortrait UIInterfaceOrientationPortraitUpsideDown UIInterfaceOrientationLandscapeLeft UIInterfaceOrientationLandscapeRight";
				INFOPLIST_KEY_UISupportedInterfaceOrientations_iPhone = "UIInterfaceOrientationPortrait UIInterfaceOrientationLandscapeLeft UIInterfaceOrientationLandscapeRight";
				IPHONEOS_DEPLOYMENT_TARGET = 17.2;
				LD_RUNPATH_SEARCH_PATHS = (
					"$(inherited)",
					"@executable_path/Frameworks",
				);
				MARKETING_VERSION = 1.0;
				PRODUCT_BUNDLE_IDENTIFIER = com.AlbosApp.SimpleAudioRecorder;
				PRODUCT_NAME = "$(TARGET_NAME)";
				SWIFT_EMIT_LOC_STRINGS = YES;
				SWIFT_VERSION = 5.0;
				TARGETED_DEVICE_FAMILY = "1,2";
			};
			name = Debug;
		};
		62E4F6562B5BDAB4001F1FC9 /* Release */ = {
			isa = XCBuildConfiguration;
			buildSettings = {
				ASSETCATALOG_COMPILER_APPICON_NAME = AppIcon;
				ASSETCATALOG_COMPILER_GLOBAL_ACCENT_COLOR_NAME = AccentColor;
				CODE_SIGN_ENTITLEMENTS = SimpleAudioRecorder/SimpleAudioRecorder.entitlements;
				CODE_SIGN_STYLE = Automatic;
				CURRENT_PROJECT_VERSION = 1;
				DEVELOPMENT_ASSET_PATHS = "\"SimpleAudioRecorder/Preview Content\"";
				DEVELOPMENT_TEAM = 2L7RFD7CXX;
				ENABLE_PREVIEWS = YES;
				GENERATE_INFOPLIST_FILE = YES;
				INFOPLIST_FILE = SimpleAudioRecorder/Info.plist;
				INFOPLIST_KEY_UIApplicationSceneManifest_Generation = YES;
				INFOPLIST_KEY_UIApplicationSupportsIndirectInputEvents = YES;
				INFOPLIST_KEY_UILaunchScreen_Generation = YES;
				INFOPLIST_KEY_UISupportedInterfaceOrientations_iPad = "UIInterfaceOrientationPortrait UIInterfaceOrientationPortraitUpsideDown UIInterfaceOrientationLandscapeLeft UIInterfaceOrientationLandscapeRight";
				INFOPLIST_KEY_UISupportedInterfaceOrientations_iPhone = "UIInterfaceOrientationPortrait UIInterfaceOrientationLandscapeLeft UIInterfaceOrientationLandscapeRight";
				IPHONEOS_DEPLOYMENT_TARGET = 17.2;
				LD_RUNPATH_SEARCH_PATHS = (
					"$(inherited)",
					"@executable_path/Frameworks",
				);
				MARKETING_VERSION = 1.0;
				PRODUCT_BUNDLE_IDENTIFIER = com.AlbosApp.SimpleAudioRecorder;
				PRODUCT_NAME = "$(TARGET_NAME)";
				SWIFT_EMIT_LOC_STRINGS = YES;
				SWIFT_VERSION = 5.0;
				TARGETED_DEVICE_FAMILY = "1,2";
			};
			name = Release;
		};
/* End XCBuildConfiguration section */

/* Begin XCConfigurationList section */
		62E4F63D2B5BDAB3001F1FC9 /* Build configuration list for PBXProject "SimpleAudioRecorder" */ = {
			isa = XCConfigurationList;
			buildConfigurations = (
				62E4F6522B5BDAB4001F1FC9 /* Debug */,
				62E4F6532B5BDAB4001F1FC9 /* Release */,
			);
			defaultConfigurationIsVisible = 0;
			defaultConfigurationName = Release;
		};
		62E4F6542B5BDAB4001F1FC9 /* Build configuration list for PBXNativeTarget "SimpleAudioRecorder" */ = {
			isa = XCConfigurationList;
			buildConfigurations = (
				62E4F6552B5BDAB4001F1FC9 /* Debug */,
				62E4F6562B5BDAB4001F1FC9 /* Release */,
			);
			defaultConfigurationIsVisible = 0;
			defaultConfigurationName = Release;
		};
/* End XCConfigurationList section */
	};
	rootObject = 62E4F63A2B5BDAB3001F1FC9 /* Project object */;
}
